{
  "lockfileVersion": 2,
  "workspaces": {
    "": {
      "name": "bun-lockfile-v2-dependabot-repro",
      "dependencies": {
        "is-odd": "^3.0.1"
      }
    }
  },
  "packages": {
    "is-odd": ["is-odd@3.0.1", "", { "dependencies": { "is-number": "^6.0.0" } }, "sha512-CQpnWPrDwmP1+SMHXCHP7moC78SR5eDaTk7qFm+NUf6OdvGIorGJeKtHWbz5/l3wYEcCUQyUV66AZk8jSJeHsA=="],
    "is-number": ["is-number@6.0.0", "", {}, "sha512-Wu1VHeILBK8KAWJUAiSZQX94GmOE45Rg6/538fK63D5uN+bmJ6MKs8NTuzaE28Vgr1g2XXzhbUoqcBFjBLATJg=="]
  }
}
